// !$*UTF8*$!
{
	archiveVersion = 1;
	classes = {
	};
	objectVersion = 51;
	objects = {

/* Begin PBXBuildFile section */
		57AFF819929C7392233CC9D0 /* Pods_FirebaseTest.framework in Frameworks */ = {isa = PBXBuildFile; fileRef = 42AC14C9828F77A335E4699D /* Pods_FirebaseTest.framework */; };
		9898172124DC3AF800A6323C /* GoogleService-Info.plist in Resources */ = {isa = PBXBuildFile; fileRef = 9898172024DC3AF800A6323C /* GoogleService-Info.plist */; };
		989A1AB724DC37F7009625C8 /* AppDelegate.swift in Sources */ = {isa = PBXBuildFile; fileRef = 989A1AB624DC37F7009625C8 /* AppDelegate.swift */; };
		989A1AB924DC37F7009625C8 /* SceneDelegate.swift in Sources */ = {isa = PBXBuildFile; fileRef = 989A1AB824DC37F7009625C8 /* SceneDelegate.swift */; };
		989A1ABB24DC37F7009625C8 /* ViewController.swift in Sources */ = {isa = PBXBuildFile; fileRef = 989A1ABA24DC37F7009625C8 /* ViewController.swift */; };
		989A1ABE24DC37F7009625C8 /* Main.storyboard in Resources */ = {isa = PBXBuildFile; fileRef = 989A1ABC24DC37F7009625C8 /* Main.storyboard */; };
		989A1AC124DC37F7009625C8 /* FirebaseTest.xcdatamodeld in Sources */ = {isa = PBXBuildFile; fileRef = 989A1ABF24DC37F7009625C8 /* FirebaseTest.xcdatamodeld */; };
		989A1AC324DC37F8009625C8 /* Assets.xcassets in Resources */ = {isa = PBXBuildFile; fileRef = 989A1AC224DC37F8009625C8 /* Assets.xcassets */; };
		989A1AC624DC37F8009625C8 /* LaunchScreen.storyboard in Resources */ = {isa = PBXBuildFile; fileRef = 989A1AC424DC37F8009625C8 /* LaunchScreen.storyboard */; };
/* End PBXBuildFile section */

/* Begin PBXFileReference section */
		01D5AC83A9931E8DD0E4ABBB /* Pods-FirebaseTest.release.xcconfig */ = {isa = PBXFileReference; includeInIndex = 1; lastKnownFileType = text.xcconfig; name = "Pods-FirebaseTest.release.xcconfig"; path = "Target Support Files/Pods-FirebaseTest/Pods-FirebaseTest.release.xcconfig"; sourceTree = "<group>"; };
		42AC14C9828F77A335E4699D /* Pods_FirebaseTest.framework */ = {isa = PBXFileReference; explicitFileType = wrapper.framework; includeInIndex = 0; path = Pods_FirebaseTest.framework; sourceTree = BUILT_PRODUCTS_DIR; };
		9898172024DC3AF800A6323C /* GoogleService-Info.plist */ = {isa = PBXFileReference; fileEncoding = 4; lastKnownFileType = text.plist.xml; path = "GoogleService-Info.plist"; sourceTree = "<group>"; };
		989A1AB324DC37F7009625C8 /* FirebaseTest.app */ = {isa = PBXFileReference; explicitFileType = wrapper.application; includeInIndex = 0; path = FirebaseTest.app; sourceTree = BUILT_PRODUCTS_DIR; };
		989A1AB624DC37F7009625C8 /* AppDelegate.swift */ = {isa = PBXFileReference; lastKnownFileType = sourcecode.swift; path = AppDelegate.swift; sourceTree = "<group>"; };
		989A1AB824DC37F7009625C8 /* SceneDelegate.swift */ = {isa = PBXFileReference; lastKnownFileType = sourcecode.swift; path = SceneDelegate.swift; sourceTree = "<group>"; };
		989A1ABA24DC37F7009625C8 /* ViewController.swift */ = {isa = PBXFileReference; lastKnownFileType = sourcecode.swift; path = ViewController.swift; sourceTree = "<group>"; };
		989A1ABD24DC37F7009625C8 /* Base */ = {isa = PBXFileReference; lastKnownFileType = file.storyboard; name = Base; path = Base.lproj/Main.storyboard; sourceTree = "<group>"; };
		989A1AC024DC37F7009625C8 /* FirebaseTest.xcdatamodel */ = {isa = PBXFileReference; lastKnownFileType = wrapper.xcdatamodel; path = FirebaseTest.xcdatamodel; sourceTree = "<group>"; };
		989A1AC224DC37F8009625C8 /* Assets.xcassets */ = {isa = PBXFileReference; lastKnownFileType = folder.assetcatalog; path = Assets.xcassets; sourceTree = "<group>"; };
		989A1AC524DC37F8009625C8 /* Base */ = {isa = PBXFileReference; lastKnownFileType = file.storyboard; name = Base; path = Base.lproj/LaunchScreen.storyboard; sourceTree = "<group>"; };
		989A1AC724DC37F8009625C8 /* Info.plist */ = {isa = PBXFileReference; lastKnownFileType = text.plist.xml; path = Info.plist; sourceTree = "<group>"; };
		F6063A8F925DBC12A86A5D5D /* Pods-FirebaseTest.debug.xcconfig */ = {isa = PBXFileReference; includeInIndex = 1; lastKnownFileType = text.xcconfig; name = "Pods-FirebaseTest.debug.xcconfig"; path = "Target Support Files/Pods-FirebaseTest/Pods-FirebaseTest.debug.xcconfig"; sourceTree = "<group>"; };
/* End PBXFileReference section */

/* Begin PBXFrameworksBuildPhase section */
		989A1AB024DC37F7009625C8 /* Frameworks */ = {
			isa = PBXFrameworksBuildPhase;
			buildActionMask = 2147483647;
			files = (
				57AFF819929C7392233CC9D0 /* Pods_FirebaseTest.framework in Frameworks */,
			);
			runOnlyForDeploymentPostprocessing = 0;
		};
/* End PBXFrameworksBuildPhase section */

/* Begin PBXGroup section */
		53A37FF1479B972D7FBD087E /* Frameworks */ = {
			isa = PBXGroup;
			children = (
				42AC14C9828F77A335E4699D /* Pods_FirebaseTest.framework */,
			);
			name = Frameworks;
			sourceTree = "<group>";
		};
		989A1AAA24DC37F7009625C8 = {
			isa = PBXGroup;
			children = (
				989A1AB524DC37F7009625C8 /* FirebaseTest */,
				989A1AB424DC37F7009625C8 /* Products */,
				C6CCC2426A5812D65FDEC7A2 /* Pods */,
				53A37FF1479B972D7FBD087E /* Frameworks */,
			);
			sourceTree = "<group>";
		};
		989A1AB424DC37F7009625C8 /* Products */ = {
			isa = PBXGroup;
			children = (
				989A1AB324DC37F7009625C8 /* FirebaseTest.app */,
			);
			name = Products;
			sourceTree = "<group>";
		};
		989A1AB524DC37F7009625C8 /* FirebaseTest */ = {
			isa = PBXGroup;
			children = (
				989A1AB624DC37F7009625C8 /* AppDelegate.swift */,
				989A1AB824DC37F7009625C8 /* SceneDelegate.swift */,
				989A1ABA24DC37F7009625C8 /* ViewController.swift */,
				989A1ABC24DC37F7009625C8 /* Main.storyboard */,
				989A1AC224DC37F8009625C8 /* Assets.xcassets */,
				989A1AC424DC37F8009625C8 /* LaunchScreen.storyboard */,
				989A1AC724DC37F8009625C8 /* Info.plist */,
				9898172024DC3AF800A6323C /* GoogleService-Info.plist */,
				989A1ABF24DC37F7009625C8 /* FirebaseTest.xcdatamodeld */,
			);
			path = FirebaseTest;
			sourceTree = "<group>";
		};
		C6CCC2426A5812D65FDEC7A2 /* Pods */ = {
			isa = PBXGroup;
			children = (
				F6063A8F925DBC12A86A5D5D /* Pods-FirebaseTest.debug.xcconfig */,
				01D5AC83A9931E8DD0E4ABBB /* Pods-FirebaseTest.release.xcconfig */,
			);
			path = Pods;
			sourceTree = "<group>";
		};
/* End PBXGroup section */

/* Begin PBXNativeTarget section */
		989A1AB224DC37F7009625C8 /* FirebaseTest */ = {
			isa = PBXNativeTarget;
			buildConfigurationList = 989A1ACA24DC37F8009625C8 /* Build configuration list for PBXNativeTarget "FirebaseTest" */;
			buildPhases = (
				437A942481FA5838EFB1F62A /* [CP] Check Pods Manifest.lock */,
				989A1AAF24DC37F7009625C8 /* Sources */,
				989A1AB024DC37F7009625C8 /* Frameworks */,
				989A1AB124DC37F7009625C8 /* Resources */,
				EA2586818A6572DD86874D11 /* [CP] Embed Pods Frameworks */,
			);
			buildRules = (
			);
			dependencies = (
			);
			name = FirebaseTest;
			productName = FirebaseTest;
			productReference = 989A1AB324DC37F7009625C8 /* FirebaseTest.app */;
			productType = "com.apple.product-type.application";
		};
/* End PBXNativeTarget section */

/* Begin PBXProject section */
		989A1AAB24DC37F7009625C8 /* Project object */ = {
			isa = PBXProject;
			attributes = {
				LastSwiftUpdateCheck = 1160;
				LastUpgradeCheck = 1160;
				ORGANIZATIONNAME = JJIKKYU;
				TargetAttributes = {
					989A1AB224DC37F7009625C8 = {
						CreatedOnToolsVersion = 11.6;
					};
				};
			};
			buildConfigurationList = 989A1AAE24DC37F7009625C8 /* Build configuration list for PBXProject "FirebaseTest" */;
			compatibilityVersion = "Xcode 9.3";
			developmentRegion = en;
			hasScannedForEncodings = 0;
			knownRegions = (
				en,
				Base,
			);
			mainGroup = 989A1AAA24DC37F7009625C8;
			productRefGroup = 989A1AB424DC37F7009625C8 /* Products */;
			projectDirPath = "";
			projectRoot = "";
			targets = (
				989A1AB224DC37F7009625C8 /* FirebaseTest */,
			);
		};
/* End PBXProject section */

/* Begin PBXResourcesBuildPhase section */
		989A1AB124DC37F7009625C8 /* Resources */ = {
			isa = PBXResourcesBuildPhase;
			buildActionMask = 2147483647;
			files = (
				989A1AC624DC37F8009625C8 /* LaunchScreen.storyboard in Resources */,
				9898172124DC3AF800A6323C /* GoogleService-Info.plist in Resources */,
				989A1AC324DC37F8009625C8 /* Assets.xcassets in Resources */,
				989A1ABE24DC37F7009625C8 /* Main.storyboard in Resources */,
			);
			runOnlyForDeploymentPostprocessing = 0;
		};
/* End PBXResourcesBuildPhase section */

/* Begin PBXShellScriptBuildPhase section */
		437A942481FA5838EFB1F62A /* [CP] Check Pods Manifest.lock */ = {
			isa = PBXShellScriptBuildPhase;
			buildActionMask = 2147483647;
			files = (
			);
			inputFileListPaths = (
			);
			inputPaths = (
				"${PODS_PODFILE_DIR_PATH}/Podfile.lock",
				"${PODS_ROOT}/Manifest.lock",
			);
			name = "[CP] Check Pods Manifest.lock";
			outputFileListPaths = (
			);
			outputPaths = (
				"$(DERIVED_FILE_DIR)/Pods-FirebaseTest-checkManifestLockResult.txt",
			);
			runOnlyForDeploymentPostprocessing = 0;
			shellPath = /bin/sh;
			shellScript = "diff \"${PODS_PODFILE_DIR_PATH}/Podfile.lock\" \"${PODS_ROOT}/Manifest.lock\" > /dev/null\nif [ $? != 0 ] ; then\n    # print error to STDERR\n    echo \"error: The sandbox is not in sync with the Podfile.lock. Run 'pod install' or update your CocoaPods installation.\" >&2\n    exit 1\nfi\n# This output is used by Xcode 'outputs' to avoid re-running this script phase.\necho \"SUCCESS\" > \"${SCRIPT_OUTPUT_FILE_0}\"\n";
			showEnvVarsInLog = 0;
		};
		EA2586818A6572DD86874D11 /* [CP] Embed Pods Frameworks */ = {
			isa = PBXShellScriptBuildPhase;
			buildActionMask = 2147483647;
			files = (
			);
			inputFileListPaths = (
				"${PODS_ROOT}/Target Support Files/Pods-FirebaseTest/Pods-FirebaseTest-frameworks-${CONFIGURATION}-input-files.xcfilelist",
			);
			name = "[CP] Embed Pods Frameworks";
			outputFileListPaths = (
				"${PODS_ROOT}/Target Support Files/Pods-FirebaseTest/Pods-FirebaseTest-frameworks-${CONFIGURATION}-output-files.xcfilelist",
			);
			runOnlyForDeploymentPostprocessing = 0;
			shellPath = /bin/sh;
			shellScript = "\"${PODS_ROOT}/Target Support Files/Pods-FirebaseTest/Pods-FirebaseTest-frameworks.sh\"\n";
			showEnvVarsInLog = 0;
		};
/* End PBXShellScriptBuildPhase section */

/* Begin PBXSourcesBuildPhase section */
		989A1AAF24DC37F7009625C8 /* Sources */ = {
			isa = PBXSourcesBuildPhase;
			buildActionMask = 2147483647;
			files = (
				989A1ABB24DC37F7009625C8 /* ViewController.swift in Sources */,
				989A1AB724DC37F7009625C8 /* AppDelegate.swift in Sources */,
				989A1AC124DC37F7009625C8 /* FirebaseTest.xcdatamodeld in Sources */,
				989A1AB924DC37F7009625C8 /* SceneDelegate.swift in Sources */,
			);
			runOnlyForDeploymentPostprocessing = 0;
		};
/* End PBXSourcesBuildPhase section */

/* Begin PBXVariantGroup section */
		989A1ABC24DC37F7009625C8 /* Main.storyboard */ = {
			isa = PBXVariantGroup;
			children = (
				989A1ABD24DC37F7009625C8 /* Base */,
			);
			name = Main.storyboard;
			sourceTree = "<group>";
		};
		989A1AC424DC37F8009625C8 /* LaunchScreen.storyboard */ = {
			isa = PBXVariantGroup;
			children = (
				989A1AC524DC37F8009625C8 /* Base */,
			);
			name = LaunchScreen.storyboard;
			sourceTree = "<group>";
		};
/* End PBXVariantGroup section */

/* Begin XCBuildConfiguration section */
		989A1AC824DC37F8009625C8 /* Debug */ = {
			isa = XCBuildConfiguration;
			buildSettings = {
				ALWAYS_SEARCH_USER_PATHS = NO;
				CLANG_ANALYZER_NONNULL = YES;
				CLANG_ANALYZER_NUMBER_OBJECT_CONVERSION = YES_AGGRESSIVE;
				CLANG_CXX_LANGUAGE_STANDARD = "gnu++14";
				CLANG_CXX_LIBRARY = "libc++";
				CLANG_ENABLE_MODULES = YES;
				CLANG_ENABLE_OBJC_ARC = YES;
				CLANG_ENABLE_OBJC_WEAK = YES;
				CLANG_WARN_BLOCK_CAPTURE_AUTORELEASING = YES;
				CLANG_WARN_BOOL_CONVERSION = YES;
				CLANG_WARN_COMMA = YES;
				CLANG_WARN_CONSTANT_CONVERSION = YES;
				CLANG_WARN_DEPRECATED_OBJC_IMPLEMENTATIONS = YES;
				CLANG_WARN_DIRECT_OBJC_ISA_USAGE = YES_ERROR;
				CLANG_WARN_DOCUMENTATION_COMMENTS = YES;
				CLANG_WARN_EMPTY_BODY = YES;
				CLANG_WARN_ENUM_CONVERSION = YES;
				CLANG_WARN_INFINITE_RECURSION = YES;
				CLANG_WARN_INT_CONVERSION = YES;
				CLANG_WARN_NON_LITERAL_NULL_CONVERSION = YES;
				CLANG_WARN_OBJC_IMPLICIT_RETAIN_SELF = YES;
				CLANG_WARN_OBJC_LITERAL_CONVERSION = YES;
				CLANG_WARN_OBJC_ROOT_CLASS = YES_ERROR;
				CLANG_WARN_RANGE_LOOP_ANALYSIS = YES;
				CLANG_WARN_STRICT_PROTOTYPES = YES;
				CLANG_WARN_SUSPICIOUS_MOVE = YES;
				CLANG_WARN_UNGUARDED_AVAILABILITY = YES_AGGRESSIVE;
				CLANG_WARN_UNREACHABLE_CODE = YES;
				CLANG_WARN__DUPLICATE_METHOD_MATCH = YES;
				COPY_PHASE_STRIP = NO;
				DEBUG_INFORMATION_FORMAT = dwarf;
				ENABLE_STRICT_OBJC_MSGSEND = YES;
				ENABLE_TESTABILITY = YES;
				GCC_C_LANGUAGE_STANDARD = gnu11;
				GCC_DYNAMIC_NO_PIC = NO;
				GCC_NO_COMMON_BLOCKS = YES;
				GCC_OPTIMIZATION_LEVEL = 0;
				GCC_PREPROCESSOR_DEFINITIONS = (
					"DEBUG=1",
					"$(inherited)",
				);
				GCC_WARN_64_TO_32_BIT_CONVERSION = YES;
				GCC_WARN_ABOUT_RETURN_TYPE = YES_ERROR;
				GCC_WARN_UNDECLARED_SELECTOR = YES;
				GCC_WARN_UNINITIALIZED_AUTOS = YES_AGGRESSIVE;
				GCC_WARN_UNUSED_FUNCTION = YES;
				GCC_WARN_UNUSED_VARIABLE = YES;
				IPHONEOS_DEPLOYMENT_TARGET = 13.6;
				MTL_ENABLE_DEBUG_INFO = INCLUDE_SOURCE;
				MTL_FAST_MATH = YES;
				ONLY_ACTIVE_ARCH = YES;
				SDKROOT = iphoneos;
				SWIFT_ACTIVE_COMPILATION_CONDITIONS = DEBUG;
				SWIFT_OPTIMIZATION_LEVEL = "-Onone";
			};
			name = Debug;
		};
		989A1AC924DC37F8009625C8 /* Release */ = {
			isa = XCBuildConfiguration;
			buildSettings = {
				ALWAYS_SEARCH_USER_PATHS = NO;
				CLANG_ANALYZER_NONNULL = YES;
				CLANG_ANALYZER_NUMBER_OBJECT_CONVERSION = YES_AGGRESSIVE;
				CLANG_CXX_LANGUAGE_STANDARD = "gnu++14";
				CLANG_CXX_LIBRARY = "libc++";
				CLANG_ENABLE_MODULES = YES;
				CLANG_ENABLE_OBJC_ARC = YES;
				CLANG_ENABLE_OBJC_WEAK = YES;
				CLANG_WARN_BLOCK_CAPTURE_AUTORELEASING = YES;
				CLANG_WARN_BOOL_CONVERSION = YES;
				CLANG_WARN_COMMA = YES;
				CLANG_WARN_CONSTANT_CONVERSION = YES;
				CLANG_WARN_DEPRECATED_OBJC_IMPLEMENTATIONS = YES;
				CLANG_WARN_DIRECT_OBJC_ISA_USAGE = YES_ERROR;
				CLANG_WARN_DOCUMENTATION_COMMENTS = YES;
				CLANG_WARN_EMPTY_BODY = YES;
				CLANG_WARN_ENUM_CONVERSION = YES;
				CLANG_WARN_INFINITE_RECURSION = YES;
				CLANG_WARN_INT_CONVERSION = YES;
				CLANG_WARN_NON_LITERAL_NULL_CONVERSION = YES;
				CLANG_WARN_OBJC_IMPLICIT_RETAIN_SELF = YES;
				CLANG_WARN_OBJC_LITERAL_CONVERSION = YES;
				CLANG_WARN_OBJC_ROOT_CLASS = YES_ERROR;
				CLANG_WARN_RANGE_LOOP_ANALYSIS = YES;
				CLANG_WARN_STRICT_PROTOTYPES = YES;
				CLANG_WARN_SUSPICIOUS_MOVE = YES;
				CLANG_WARN_UNGUARDED_AVAILABILITY = YES_AGGRESSIVE;
				CLANG_WARN_UNREACHABLE_CODE = YES;
				CLANG_WARN__DUPLICATE_METHOD_MATCH = YES;
				COPY_PHASE_STRIP = NO;
				DEBUG_INFORMATION_FORMAT = "dwarf-with-dsym";
				ENABLE_NS_ASSERTIONS = NO;
				ENABLE_STRICT_OBJC_MSGSEND = YES;
				GCC_C_LANGUAGE_STANDARD = gnu11;
				GCC_NO_COMMON_BLOCKS = YES;
				GCC_WARN_64_TO_32_BIT_CONVERSION = YES;
				GCC_WARN_ABOUT_RETURN_TYPE = YES_ERROR;
				GCC_WARN_UNDECLARED_SELECTOR = YES;
				GCC_WARN_UNINITIALIZED_AUTOS = YES_AGGRESSIVE;
				GCC_WARN_UNUSED_FUNCTION = YES;
				GCC_WARN_UNUSED_VARIABLE = YES;
				IPHONEOS_DEPLOYMENT_TARGET = 13.6;
				MTL_ENABLE_DEBUG_INFO = NO;
				MTL_FAST_MATH = YES;
				SDKROOT = iphoneos;
				SWIFT_COMPILATION_MODE = wholemodule;
				SWIFT_OPTIMIZATION_LEVEL = "-O";
				VALIDATE_PRODUCT = YES;
			};
			name = Release;
		};
		989A1ACB24DC37F8009625C8 /* Debug */ = {
			isa = XCBuildConfiguration;
			baseConfigurationReference = F6063A8F925DBC12A86A5D5D /* Pods-FirebaseTest.debug.xcconfig */;
			buildSettings = {
				ASSETCATALOG_COMPILER_APPICON_NAME = AppIcon;
				CODE_SIGN_STYLE = Automatic;
				DEVELOPMENT_TEAM = V237TD2AXA;
				INFOPLIST_FILE = FirebaseTest/Info.plist;
				LD_RUNPATH_SEARCH_PATHS = (
					"$(inherited)",
					"@executable_path/Frameworks",
				);
				PRODUCT_BUNDLE_IDENTIFIER = com.jjikkyu.FirebaseTest;
				PRODUCT_NAME = "$(TARGET_NAME)";
				SWIFT_VERSION = 5.0;
				TARGETED_DEVICE_FAMILY = "1,2";
			};
			name = Debug;
		};
		989A1ACC24DC37F8009625C8 /* Release */ = {
			isa = XCBuildConfiguration;
			baseConfigurationReference = 01D5AC83A9931E8DD0E4ABBB /* Pods-FirebaseTest.release.xcconfig */;
			buildSettings = {
				ASSETCATALOG_COMPILER_APPICON_NAME = AppIcon;
				CODE_SIGN_STYLE = Automatic;
				DEVELOPMENT_TEAM = V237TD2AXA;
				INFOPLIST_FILE = FirebaseTest/Info.plist;
				LD_RUNPATH_SEARCH_PATHS = (
					"$(inherited)",
					"@executable_path/Frameworks",
				);
				PRODUCT_BUNDLE_IDENTIFIER = com.jjikkyu.FirebaseTest;
				PRODUCT_NAME = "$(TARGET_NAME)";
				SWIFT_VERSION = 5.0;
				TARGETED_DEVICE_FAMILY = "1,2";
			};
			name = Release;
		};
/* End XCBuildConfiguration section */

/* Begin XCConfigurationList section */
		989A1AAE24DC37F7009625C8 /* Build configuration list for PBXProject "FirebaseTest" */ = {
			isa = XCConfigurationList;
			buildConfigurations = (
				989A1AC824DC37F8009625C8 /* Debug */,
				989A1AC924DC37F8009625C8 /* Release */,
			);
			defaultConfigurationIsVisible = 0;
			defaultConfigurationName = Release;
		};
		989A1ACA24DC37F8009625C8 /* Build configuration list for PBXNativeTarget "FirebaseTest" */ = {
			isa = XCConfigurationList;
			buildConfigurations = (
				989A1ACB24DC37F8009625C8 /* Debug */,
				989A1ACC24DC37F8009625C8 /* Release */,
			);
			defaultConfigurationIsVisible = 0;
			defaultConfigurationName = Release;
		};
/* End XCConfigurationList section */

/* Begin XCVersionGroup section */
		989A1ABF24DC37F7009625C8 /* FirebaseTest.xcdatamodeld */ = {
			isa = XCVersionGroup;
			children = (
				989A1AC024DC37F7009625C8 /* FirebaseTest.xcdatamodel */,
			);
			currentVersion = 989A1AC024DC37F7009625C8 /* FirebaseTest.xcdatamodel */;
			path = FirebaseTest.xcdatamodeld;
			sourceTree = "<group>";
			versionGroupType = wrapper.xcdatamodel;
		};
/* End XCVersionGroup section */
	};
	rootObject = 989A1AAB24DC37F7009625C8 /* Project object */;
}
