// !$*UTF8*$!
{
	archiveVersion = 1;
	classes = {
	};
	objectVersion = 50;
	objects = {

/* Begin PBXFileReference section */
		98A129FA25A48BAD00E1AF98 /* 2750_수정렬하기.swift */ = {isa = PBXFileReference; lastKnownFileType = sourcecode.swift; path = "2750_수정렬하기.swift"; sourceTree = "<group>"; };
/* End PBXFileReference section */

/* Begin PBXGroup section */
		98A129F325A48B7100E1AF98 = {
			isa = PBXGroup;
			children = (
				98A129FA25A48BAD00E1AF98 /* 2750_수정렬하기.swift */,
			);
			sourceTree = "<group>";
		};
/* End PBXGroup section */

/* Begin PBXProject section */
		98A129F425A48B7100E1AF98 /* Project object */ = {
			isa = PBXProject;
			attributes = {
				LastUpgradeCheck = 1230;
			};
			buildConfigurationList = 98A129F725A48B7100E1AF98 /* Build configuration list for PBXProject "BOJ" */;
			compatibilityVersion = "Xcode 9.3";
			developmentRegion = en;
			hasScannedForEncodings = 0;
			knownRegions = (
				en,
				Base,
			);
			mainGroup = 98A129F325A48B7100E1AF98;
			projectDirPath = "";
			projectRoot = "";
			targets = (
			);
		};
/* End PBXProject section */

/* Begin XCBuildConfiguration section */
		98A129F825A48B7100E1AF98 /* Debug */ = {
			isa = XCBuildConfiguration;
			buildSettings = {
			};
			name = Debug;
		};
		98A129F925A48B7100E1AF98 /* Release */ = {
			isa = XCBuildConfiguration;
			buildSettings = {
			};
			name = Release;
		};
/* End XCBuildConfiguration section */

/* Begin XCConfigurationList section */
		98A129F725A48B7100E1AF98 /* Build configuration list for PBXProject "BOJ" */ = {
			isa = XCConfigurationList;
			buildConfigurations = (
				98A129F825A48B7100E1AF98 /* Debug */,
				98A129F925A48B7100E1AF98 /* Release */,
			);
			defaultConfigurationIsVisible = 0;
			defaultConfigurationName = Release;
		};
/* End XCConfigurationList section */
	};
	rootObject = 98A129F425A48B7100E1AF98 /* Project object */;
}
